
Microsoft Visual Studio Solution File, Format Version 12.00
# Visual Studio Version 17
VisualStudioVersion = 17.8.34408.163
MinimumVisualStudioVersion = 10.0.40219.1
Project("{FAE04EC0-301F-11D3-BF4B-00C04F79EFBC}") = "GraphqlDemo", "GraphqlDemo.csproj", "{7CEF7376-79E5-4392-BB53-C9FEF9BBE8F7}"
EndProject
Global
	GlobalSection(SolutionConfigurationPlatforms) = preSolution
		Debug|Any CPU = Debug|Any CPU
		Release|Any CPU = Release|Any CPU
	EndGlobalSection
	GlobalSection(ProjectConfigurationPlatforms) = postSolution
		{7CEF7376-79E5-4392-BB53-C9FEF9BBE8F7}.Debug|Any CPU.ActiveCfg = Debug|Any CPU
		{7CEF7376-79E5-4392-BB53-C9FEF9BBE8F7}.Debug|Any CPU.Build.0 = Debug|Any CPU
		{7CEF7376-79E5-4392-BB53-C9FEF9BBE8F7}.Release|Any CPU.ActiveCfg = Release|Any CPU
		{7CEF7376-79E5-4392-BB53-C9FEF9BBE8F7}.Release|Any CPU.Build.0 = Release|Any CPU
	EndGlobalSection
	GlobalSection(SolutionProperties) = preSolution
		HideSolutionNode = FALSE
	EndGlobalSection
	GlobalSection(ExtensibilityGlobals) = postSolution
		SolutionGuid = {144129A8-2039-4AB2-B53A-FB85F16435AC}
	EndGlobalSection
EndGlobal
